
Microsoft Visual Studio Solution File, Format Version 12.00
# Visual Studio Version 17
VisualStudioVersion = 17.3.32825.248
MinimumVisualStudioVersion = 10.0.40219.1
Project("{FAE04EC0-301F-11D3-BF4B-00C04F79EFBC}") = "AutoIis", "AutoIis\AutoIis.csproj", "{074D05F9-214A-42A3-8A7D-D8A2D92D5FF7}"
EndProject
Global
	GlobalSection(SolutionConfigurationPlatforms) = preSolution
		Debug|Any CPU = Debug|Any CPU
		Release|Any CPU = Release|Any CPU
	EndGlobalSection
	GlobalSection(ProjectConfigurationPlatforms) = postSolution
		{074D05F9-214A-42A3-8A7D-D8A2D92D5FF7}.Debug|Any CPU.ActiveCfg = Debug|Any CPU
		{074D05F9-214A-42A3-8A7D-D8A2D92D5FF7}.Debug|Any CPU.Build.0 = Debug|Any CPU
		{074D05F9-214A-42A3-8A7D-D8A2D92D5FF7}.Release|Any CPU.ActiveCfg = Release|Any CPU
		{074D05F9-214A-42A3-8A7D-D8A2D92D5FF7}.Release|Any CPU.Build.0 = Release|Any CPU
	EndGlobalSection
	GlobalSection(SolutionProperties) = preSolution
		HideSolutionNode = FALSE
	EndGlobalSection
	GlobalSection(ExtensibilityGlobals) = postSolution
		SolutionGuid = {8EE10DE4-9C86-42FA-9356-6DC75A24E5DC}
	EndGlobalSection
EndGlobal
